// !$*UTF8*$!
{
	archiveVersion = 1;
	classes = {
	};
	objectVersion = 50;
	objects = {

/* Begin PBXBuildFile section */
		1A6E2B12248414A100D28D85 /* ArtistViewController.xib in Resources */ = {isa = PBXBuildFile; fileRef = 1A6E2B11248414A100D28D85 /* ArtistViewController.xib */; };
		1A6E2B15248414CD00D28D85 /* ArtistViewController.swift in Sources */ = {isa = PBXBuildFile; fileRef = 1A6E2B14248414CD00D28D85 /* ArtistViewController.swift */; };
		1A8010892486E5C900327C01 /* ArtistViewPresenter.swift in Sources */ = {isa = PBXBuildFile; fileRef = 1A8010882486E5C900327C01 /* ArtistViewPresenter.swift */; };
		1AB27E38247BF8750097968E /* AppDelegate.swift in Sources */ = {isa = PBXBuildFile; fileRef = 1AB27E37247BF8750097968E /* AppDelegate.swift */; };
		1AB27E3A247BF8750097968E /* SceneDelegate.swift in Sources */ = {isa = PBXBuildFile; fileRef = 1AB27E39247BF8750097968E /* SceneDelegate.swift */; };
		1AB27E3C247BF8750097968E /* SearchViewController.swift in Sources */ = {isa = PBXBuildFile; fileRef = 1AB27E3B247BF8750097968E /* SearchViewController.swift */; };
		1AB27E3F247BF8750097968E /* Main.storyboard in Resources */ = {isa = PBXBuildFile; fileRef = 1AB27E3D247BF8750097968E /* Main.storyboard */; };
		1AB27E42247BF8750097968E /* music_search_app_mvp_arch.xcdatamodeld in Sources */ = {isa = PBXBuildFile; fileRef = 1AB27E40247BF8750097968E /* music_search_app_mvp_arch.xcdatamodeld */; };
		1AB27E44247BF8770097968E /* Assets.xcassets in Resources */ = {isa = PBXBuildFile; fileRef = 1AB27E43247BF8770097968E /* Assets.xcassets */; };
		1AB27E47247BF8770097968E /* LaunchScreen.storyboard in Resources */ = {isa = PBXBuildFile; fileRef = 1AB27E45247BF8770097968E /* LaunchScreen.storyboard */; };
		1AB27E52247BF8770097968E /* music_search_app_mvp_archTests.swift in Sources */ = {isa = PBXBuildFile; fileRef = 1AB27E51247BF8770097968E /* music_search_app_mvp_archTests.swift */; };
		1AB27E5E247BFDB90097968E /* NetworkService.swift in Sources */ = {isa = PBXBuildFile; fileRef = 1AB27E5D247BFDB90097968E /* NetworkService.swift */; };
		1AB27E62247C01660097968E /* Artist.swift in Sources */ = {isa = PBXBuildFile; fileRef = 1AB27E61247C01660097968E /* Artist.swift */; };
		1AB27E66247C0F5E0097968E /* RequestBuilder.swift in Sources */ = {isa = PBXBuildFile; fileRef = 1AB27E65247C0F5E0097968E /* RequestBuilder.swift */; };
		1AD59FD72483B17B009C90EA /* SearchViewController.xib in Resources */ = {isa = PBXBuildFile; fileRef = 1AD59FD62483B17B009C90EA /* SearchViewController.xib */; };
		1AD59FD92483B657009C90EA /* ModuleBuilder.swift in Sources */ = {isa = PBXBuildFile; fileRef = 1AD59FD82483B657009C90EA /* ModuleBuilder.swift */; };
		1AEAF03A247EFDCF00A7D8FF /* SearchViewPresenter.swift in Sources */ = {isa = PBXBuildFile; fileRef = 1AEAF039247EFDCF00A7D8FF /* SearchViewPresenter.swift */; };
/* End PBXBuildFile section */

/* Begin PBXContainerItemProxy section */
		1AB27E4E247BF8770097968E /* PBXContainerItemProxy */ = {
			isa = PBXContainerItemProxy;
			containerPortal = 1AB27E2C247BF8750097968E /* Project object */;
			proxyType = 1;
			remoteGlobalIDString = 1AB27E33247BF8750097968E;
			remoteInfo = "music-search-app-mvp-arch";
		};
/* End PBXContainerItemProxy section */

/* Begin PBXFileReference section */
		1A6E2B11248414A100D28D85 /* ArtistViewController.xib */ = {isa = PBXFileReference; lastKnownFileType = file.xib; path = ArtistViewController.xib; sourceTree = "<group>"; };
		1A6E2B14248414CD00D28D85 /* ArtistViewController.swift */ = {isa = PBXFileReference; lastKnownFileType = sourcecode.swift; path = ArtistViewController.swift; sourceTree = "<group>"; };
		1A8010882486E5C900327C01 /* ArtistViewPresenter.swift */ = {isa = PBXFileReference; lastKnownFileType = sourcecode.swift; path = ArtistViewPresenter.swift; sourceTree = "<group>"; };
		1AB27E34247BF8750097968E /* music-search-app-mvp-arch.app */ = {isa = PBXFileReference; explicitFileType = wrapper.application; includeInIndex = 0; path = "music-search-app-mvp-arch.app"; sourceTree = BUILT_PRODUCTS_DIR; };
		1AB27E37247BF8750097968E /* AppDelegate.swift */ = {isa = PBXFileReference; lastKnownFileType = sourcecode.swift; path = AppDelegate.swift; sourceTree = "<group>"; };
		1AB27E39247BF8750097968E /* SceneDelegate.swift */ = {isa = PBXFileReference; lastKnownFileType = sourcecode.swift; path = SceneDelegate.swift; sourceTree = "<group>"; };
		1AB27E3B247BF8750097968E /* SearchViewController.swift */ = {isa = PBXFileReference; lastKnownFileType = sourcecode.swift; path = SearchViewController.swift; sourceTree = "<group>"; };
		1AB27E3E247BF8750097968E /* Base */ = {isa = PBXFileReference; lastKnownFileType = file.storyboard; name = Base; path = Base.lproj/Main.storyboard; sourceTree = "<group>"; };
		1AB27E41247BF8750097968E /* music_search_app_mvp_arch.xcdatamodel */ = {isa = PBXFileReference; lastKnownFileType = wrapper.xcdatamodel; path = music_search_app_mvp_arch.xcdatamodel; sourceTree = "<group>"; };
		1AB27E43247BF8770097968E /* Assets.xcassets */ = {isa = PBXFileReference; lastKnownFileType = folder.assetcatalog; path = Assets.xcassets; sourceTree = "<group>"; };
		1AB27E46247BF8770097968E /* Base */ = {isa = PBXFileReference; lastKnownFileType = file.storyboard; name = Base; path = Base.lproj/LaunchScreen.storyboard; sourceTree = "<group>"; };
		1AB27E48247BF8770097968E /* Info.plist */ = {isa = PBXFileReference; lastKnownFileType = text.plist.xml; path = Info.plist; sourceTree = "<group>"; };
		1AB27E4D247BF8770097968E /* music-search-app-mvp-archTests.xctest */ = {isa = PBXFileReference; explicitFileType = wrapper.cfbundle; includeInIndex = 0; path = "music-search-app-mvp-archTests.xctest"; sourceTree = BUILT_PRODUCTS_DIR; };
		1AB27E51247BF8770097968E /* music_search_app_mvp_archTests.swift */ = {isa = PBXFileReference; lastKnownFileType = sourcecode.swift; path = music_search_app_mvp_archTests.swift; sourceTree = "<group>"; };
		1AB27E53247BF8770097968E /* Info.plist */ = {isa = PBXFileReference; lastKnownFileType = text.plist.xml; path = Info.plist; sourceTree = "<group>"; };
		1AB27E5D247BFDB90097968E /* NetworkService.swift */ = {isa = PBXFileReference; lastKnownFileType = sourcecode.swift; path = NetworkService.swift; sourceTree = "<group>"; };
		1AB27E61247C01660097968E /* Artist.swift */ = {isa = PBXFileReference; lastKnownFileType = sourcecode.swift; path = Artist.swift; sourceTree = "<group>"; };
		1AB27E65247C0F5E0097968E /* RequestBuilder.swift */ = {isa = PBXFileReference; lastKnownFileType = sourcecode.swift; path = RequestBuilder.swift; sourceTree = "<group>"; };
		1AD59FD62483B17B009C90EA /* SearchViewController.xib */ = {isa = PBXFileReference; lastKnownFileType = file.xib; path = SearchViewController.xib; sourceTree = "<group>"; };
		1AD59FD82483B657009C90EA /* ModuleBuilder.swift */ = {isa = PBXFileReference; lastKnownFileType = sourcecode.swift; path = ModuleBuilder.swift; sourceTree = "<group>"; };
		1AEAF039247EFDCF00A7D8FF /* SearchViewPresenter.swift */ = {isa = PBXFileReference; lastKnownFileType = sourcecode.swift; path = SearchViewPresenter.swift; sourceTree = "<group>"; };
/* End PBXFileReference section */

/* Begin PBXFrameworksBuildPhase section */
		1AB27E31247BF8750097968E /* Frameworks */ = {
			isa = PBXFrameworksBuildPhase;
			buildActionMask = 2147483647;
			files = (
			);
			runOnlyForDeploymentPostprocessing = 0;
		};
		1AB27E4A247BF8770097968E /* Frameworks */ = {
			isa = PBXFrameworksBuildPhase;
			buildActionMask = 2147483647;
			files = (
			);
			runOnlyForDeploymentPostprocessing = 0;
		};
/* End PBXFrameworksBuildPhase section */

/* Begin PBXGroup section */
		1A6E2B0F2484140600D28D85 /* ArtistModule */ = {
			isa = PBXGroup;
			children = (
				1A8010872486E5A600327C01 /* Presenter */,
				1A6E2B102484141B00D28D85 /* View */,
			);
			path = ArtistModule;
			sourceTree = "<group>";
		};
		1A6E2B102484141B00D28D85 /* View */ = {
			isa = PBXGroup;
			children = (
				1A6E2B11248414A100D28D85 /* ArtistViewController.xib */,
				1A6E2B14248414CD00D28D85 /* ArtistViewController.swift */,
			);
			path = View;
			sourceTree = "<group>";
		};
		1A8010872486E5A600327C01 /* Presenter */ = {
			isa = PBXGroup;
			children = (
				1A8010882486E5C900327C01 /* ArtistViewPresenter.swift */,
			);
			path = Presenter;
			sourceTree = "<group>";
		};
		1AB27E2B247BF8750097968E = {
			isa = PBXGroup;
			children = (
				1AB27E36247BF8750097968E /* music-search-app-mvp-arch */,
				1AB27E50247BF8770097968E /* music-search-app-mvp-archTests */,
				1AB27E35247BF8750097968E /* Products */,
			);
			sourceTree = "<group>";
		};
		1AB27E35247BF8750097968E /* Products */ = {
			isa = PBXGroup;
			children = (
				1AB27E34247BF8750097968E /* music-search-app-mvp-arch.app */,
				1AB27E4D247BF8770097968E /* music-search-app-mvp-archTests.xctest */,
			);
			name = Products;
			sourceTree = "<group>";
		};
		1AB27E36247BF8750097968E /* music-search-app-mvp-arch */ = {
			isa = PBXGroup;
			children = (
				1A6E2B0F2484140600D28D85 /* ArtistModule */,
				1AB27E5F247BFEE70097968E /* SearchModule */,
				1AB27E5C247BFD890097968E /* ServiceLayer */,
				1AB27E37247BF8750097968E /* AppDelegate.swift */,
				1AB27E39247BF8750097968E /* SceneDelegate.swift */,
				1AB27E3D247BF8750097968E /* Main.storyboard */,
				1AB27E43247BF8770097968E /* Assets.xcassets */,
				1AB27E45247BF8770097968E /* LaunchScreen.storyboard */,
				1AB27E48247BF8770097968E /* Info.plist */,
				1AB27E40247BF8750097968E /* music_search_app_mvp_arch.xcdatamodeld */,
				1AD59FD82483B657009C90EA /* ModuleBuilder.swift */,
			);
			path = "music-search-app-mvp-arch";
			sourceTree = "<group>";
		};
		1AB27E50247BF8770097968E /* music-search-app-mvp-archTests */ = {
			isa = PBXGroup;
			children = (
				1AB27E51247BF8770097968E /* music_search_app_mvp_archTests.swift */,
				1AB27E53247BF8770097968E /* Info.plist */,
			);
			path = "music-search-app-mvp-archTests";
			sourceTree = "<group>";
		};
		1AB27E5C247BFD890097968E /* ServiceLayer */ = {
			isa = PBXGroup;
			children = (
				1AB27E5D247BFDB90097968E /* NetworkService.swift */,
				1AB27E65247C0F5E0097968E /* RequestBuilder.swift */,
			);
			path = ServiceLayer;
			sourceTree = "<group>";
		};
		1AB27E5F247BFEE70097968E /* SearchModule */ = {
			isa = PBXGroup;
			children = (
				1AB27E60247BFEF60097968E /* Model */,
				1AEAF037247EFD5E00A7D8FF /* View */,
				1AEAF038247EFDA800A7D8FF /* Presenter */,
			);
			path = SearchModule;
			sourceTree = "<group>";
		};
		1AB27E60247BFEF60097968E /* Model */ = {
			isa = PBXGroup;
			children = (
				1AB27E61247C01660097968E /* Artist.swift */,
			);
			path = Model;
			sourceTree = "<group>";
		};
		1AEAF037247EFD5E00A7D8FF /* View */ = {
			isa = PBXGroup;
			children = (
				1AB27E3B247BF8750097968E /* SearchViewController.swift */,
				1AD59FD62483B17B009C90EA /* SearchViewController.xib */,
			);
			path = View;
			sourceTree = "<group>";
		};
		1AEAF038247EFDA800A7D8FF /* Presenter */ = {
			isa = PBXGroup;
			children = (
				1AEAF039247EFDCF00A7D8FF /* SearchViewPresenter.swift */,
			);
			path = Presenter;
			sourceTree = "<group>";
		};
/* End PBXGroup section */

/* Begin PBXNativeTarget section */
		1AB27E33247BF8750097968E /* music-search-app-mvp-arch */ = {
			isa = PBXNativeTarget;
			buildConfigurationList = 1AB27E56247BF8770097968E /* Build configuration list for PBXNativeTarget "music-search-app-mvp-arch" */;
			buildPhases = (
				1AB27E30247BF8750097968E /* Sources */,
				1AB27E31247BF8750097968E /* Frameworks */,
				1AB27E32247BF8750097968E /* Resources */,
			);
			buildRules = (
			);
			dependencies = (
			);
			name = "music-search-app-mvp-arch";
			productName = "music-search-app-mvp-arch";
			productReference = 1AB27E34247BF8750097968E /* music-search-app-mvp-arch.app */;
			productType = "com.apple.product-type.application";
		};
		1AB27E4C247BF8770097968E /* music-search-app-mvp-archTests */ = {
			isa = PBXNativeTarget;
			buildConfigurationList = 1AB27E59247BF8770097968E /* Build configuration list for PBXNativeTarget "music-search-app-mvp-archTests" */;
			buildPhases = (
				1AB27E49247BF8770097968E /* Sources */,
				1AB27E4A247BF8770097968E /* Frameworks */,
				1AB27E4B247BF8770097968E /* Resources */,
			);
			buildRules = (
			);
			dependencies = (
				1AB27E4F247BF8770097968E /* PBXTargetDependency */,
			);
			name = "music-search-app-mvp-archTests";
			productName = "music-search-app-mvp-archTests";
			productReference = 1AB27E4D247BF8770097968E /* music-search-app-mvp-archTests.xctest */;
			productType = "com.apple.product-type.bundle.unit-test";
		};
/* End PBXNativeTarget section */

/* Begin PBXProject section */
		1AB27E2C247BF8750097968E /* Project object */ = {
			isa = PBXProject;
			attributes = {
				LastSwiftUpdateCheck = 1130;
				LastUpgradeCheck = 1130;
				ORGANIZATIONNAME = "Serhiy Prikhodko";
				TargetAttributes = {
					1AB27E33247BF8750097968E = {
						CreatedOnToolsVersion = 11.3.1;
					};
					1AB27E4C247BF8770097968E = {
						CreatedOnToolsVersion = 11.3.1;
						TestTargetID = 1AB27E33247BF8750097968E;
					};
				};
			};
			buildConfigurationList = 1AB27E2F247BF8750097968E /* Build configuration list for PBXProject "music-search-app-mvp-arch" */;
			compatibilityVersion = "Xcode 9.3";
			developmentRegion = en;
			hasScannedForEncodings = 0;
			knownRegions = (
				en,
				Base,
			);
			mainGroup = 1AB27E2B247BF8750097968E;
			productRefGroup = 1AB27E35247BF8750097968E /* Products */;
			projectDirPath = "";
			projectRoot = "";
			targets = (
				1AB27E33247BF8750097968E /* music-search-app-mvp-arch */,
				1AB27E4C247BF8770097968E /* music-search-app-mvp-archTests */,
			);
		};
/* End PBXProject section */

/* Begin PBXResourcesBuildPhase section */
		1AB27E32247BF8750097968E /* Resources */ = {
			isa = PBXResourcesBuildPhase;
			buildActionMask = 2147483647;
			files = (
				1AB27E47247BF8770097968E /* LaunchScreen.storyboard in Resources */,
				1AB27E44247BF8770097968E /* Assets.xcassets in Resources */,
				1AD59FD72483B17B009C90EA /* SearchViewController.xib in Resources */,
				1A6E2B12248414A100D28D85 /* ArtistViewController.xib in Resources */,
				1AB27E3F247BF8750097968E /* Main.storyboard in Resources */,
			);
			runOnlyForDeploymentPostprocessing = 0;
		};
		1AB27E4B247BF8770097968E /* Resources */ = {
			isa = PBXResourcesBuildPhase;
			buildActionMask = 2147483647;
			files = (
			);
			runOnlyForDeploymentPostprocessing = 0;
		};
/* End PBXResourcesBuildPhase section */

/* Begin PBXSourcesBuildPhase section */
		1AB27E30247BF8750097968E /* Sources */ = {
			isa = PBXSourcesBuildPhase;
			buildActionMask = 2147483647;
			files = (
				1AB27E66247C0F5E0097968E /* RequestBuilder.swift in Sources */,
				1AB27E62247C01660097968E /* Artist.swift in Sources */,
				1AB27E5E247BFDB90097968E /* NetworkService.swift in Sources */,
				1AB27E3C247BF8750097968E /* SearchViewController.swift in Sources */,
				1AB27E38247BF8750097968E /* AppDelegate.swift in Sources */,
				1AD59FD92483B657009C90EA /* ModuleBuilder.swift in Sources */,
				1A8010892486E5C900327C01 /* ArtistViewPresenter.swift in Sources */,
				1AEAF03A247EFDCF00A7D8FF /* SearchViewPresenter.swift in Sources */,
				1AB27E3A247BF8750097968E /* SceneDelegate.swift in Sources */,
				1AB27E42247BF8750097968E /* music_search_app_mvp_arch.xcdatamodeld in Sources */,
				1A6E2B15248414CD00D28D85 /* ArtistViewController.swift in Sources */,
			);
			runOnlyForDeploymentPostprocessing = 0;
		};
		1AB27E49247BF8770097968E /* Sources */ = {
			isa = PBXSourcesBuildPhase;
			buildActionMask = 2147483647;
			files = (
				1AB27E52247BF8770097968E /* music_search_app_mvp_archTests.swift in Sources */,
			);
			runOnlyForDeploymentPostprocessing = 0;
		};
/* End PBXSourcesBuildPhase section */

/* Begin PBXTargetDependency section */
		1AB27E4F247BF8770097968E /* PBXTargetDependency */ = {
			isa = PBXTargetDependency;
			target = 1AB27E33247BF8750097968E /* music-search-app-mvp-arch */;
			targetProxy = 1AB27E4E247BF8770097968E /* PBXContainerItemProxy */;
		};
/* End PBXTargetDependency section */

/* Begin PBXVariantGroup section */
		1AB27E3D247BF8750097968E /* Main.storyboard */ = {
			isa = PBXVariantGroup;
			children = (
				1AB27E3E247BF8750097968E /* Base */,
			);
			name = Main.storyboard;
			sourceTree = "<group>";
		};
		1AB27E45247BF8770097968E /* LaunchScreen.storyboard */ = {
			isa = PBXVariantGroup;
			children = (
				1AB27E46247BF8770097968E /* Base */,
			);
			name = LaunchScreen.storyboard;
			sourceTree = "<group>";
		};
/* End PBXVariantGroup section */

/* Begin XCBuildConfiguration section */
		1AB27E54247BF8770097968E /* Debug */ = {
			isa = XCBuildConfiguration;
			buildSettings = {
				ALWAYS_SEARCH_USER_PATHS = NO;
				CLANG_ANALYZER_NONNULL = YES;
				CLANG_ANALYZER_NUMBER_OBJECT_CONVERSION = YES_AGGRESSIVE;
				CLANG_CXX_LANGUAGE_STANDARD = "gnu++14";
				CLANG_CXX_LIBRARY = "libc++";
				CLANG_ENABLE_MODULES = YES;
				CLANG_ENABLE_OBJC_ARC = YES;
				CLANG_ENABLE_OBJC_WEAK = YES;
				CLANG_WARN_BLOCK_CAPTURE_AUTORELEASING = YES;
				CLANG_WARN_BOOL_CONVERSION = YES;
				CLANG_WARN_COMMA = YES;
				CLANG_WARN_CONSTANT_CONVERSION = YES;
				CLANG_WARN_DEPRECATED_OBJC_IMPLEMENTATIONS = YES;
				CLANG_WARN_DIRECT_OBJC_ISA_USAGE = YES_ERROR;
				CLANG_WARN_DOCUMENTATION_COMMENTS = YES;
				CLANG_WARN_EMPTY_BODY = YES;
				CLANG_WARN_ENUM_CONVERSION = YES;
				CLANG_WARN_INFINITE_RECURSION = YES;
				CLANG_WARN_INT_CONVERSION = YES;
				CLANG_WARN_NON_LITERAL_NULL_CONVERSION = YES;
				CLANG_WARN_OBJC_IMPLICIT_RETAIN_SELF = YES;
				CLANG_WARN_OBJC_LITERAL_CONVERSION = YES;
				CLANG_WARN_OBJC_ROOT_CLASS = YES_ERROR;
				CLANG_WARN_RANGE_LOOP_ANALYSIS = YES;
				CLANG_WARN_STRICT_PROTOTYPES = YES;
				CLANG_WARN_SUSPICIOUS_MOVE = YES;
				CLANG_WARN_UNGUARDED_AVAILABILITY = YES_AGGRESSIVE;
				CLANG_WARN_UNREACHABLE_CODE = YES;
				CLANG_WARN__DUPLICATE_METHOD_MATCH = YES;
				COPY_PHASE_STRIP = NO;
				DEBUG_INFORMATION_FORMAT = dwarf;
				ENABLE_STRICT_OBJC_MSGSEND = YES;
				ENABLE_TESTABILITY = YES;
				GCC_C_LANGUAGE_STANDARD = gnu11;
				GCC_DYNAMIC_NO_PIC = NO;
				GCC_NO_COMMON_BLOCKS = YES;
				GCC_OPTIMIZATION_LEVEL = 0;
				GCC_PREPROCESSOR_DEFINITIONS = (
					"DEBUG=1",
					"$(inherited)",
				);
				GCC_WARN_64_TO_32_BIT_CONVERSION = YES;
				GCC_WARN_ABOUT_RETURN_TYPE = YES_ERROR;
				GCC_WARN_UNDECLARED_SELECTOR = YES;
				GCC_WARN_UNINITIALIZED_AUTOS = YES_AGGRESSIVE;
				GCC_WARN_UNUSED_FUNCTION = YES;
				GCC_WARN_UNUSED_VARIABLE = YES;
				IPHONEOS_DEPLOYMENT_TARGET = 13.2;
				MTL_ENABLE_DEBUG_INFO = INCLUDE_SOURCE;
				MTL_FAST_MATH = YES;
				ONLY_ACTIVE_ARCH = YES;
				SDKROOT = iphoneos;
				SWIFT_ACTIVE_COMPILATION_CONDITIONS = DEBUG;
				SWIFT_OPTIMIZATION_LEVEL = "-Onone";
			};
			name = Debug;
		};
		1AB27E55247BF8770097968E /* Release */ = {
			isa = XCBuildConfiguration;
			buildSettings = {
				ALWAYS_SEARCH_USER_PATHS = NO;
				CLANG_ANALYZER_NONNULL = YES;
				CLANG_ANALYZER_NUMBER_OBJECT_CONVERSION = YES_AGGRESSIVE;
				CLANG_CXX_LANGUAGE_STANDARD = "gnu++14";
				CLANG_CXX_LIBRARY = "libc++";
				CLANG_ENABLE_MODULES = YES;
				CLANG_ENABLE_OBJC_ARC = YES;
				CLANG_ENABLE_OBJC_WEAK = YES;
				CLANG_WARN_BLOCK_CAPTURE_AUTORELEASING = YES;
				CLANG_WARN_BOOL_CONVERSION = YES;
				CLANG_WARN_COMMA = YES;
				CLANG_WARN_CONSTANT_CONVERSION = YES;
				CLANG_WARN_DEPRECATED_OBJC_IMPLEMENTATIONS = YES;
				CLANG_WARN_DIRECT_OBJC_ISA_USAGE = YES_ERROR;
				CLANG_WARN_DOCUMENTATION_COMMENTS = YES;
				CLANG_WARN_EMPTY_BODY = YES;
				CLANG_WARN_ENUM_CONVERSION = YES;
				CLANG_WARN_INFINITE_RECURSION = YES;
				CLANG_WARN_INT_CONVERSION = YES;
				CLANG_WARN_NON_LITERAL_NULL_CONVERSION = YES;
				CLANG_WARN_OBJC_IMPLICIT_RETAIN_SELF = YES;
				CLANG_WARN_OBJC_LITERAL_CONVERSION = YES;
				CLANG_WARN_OBJC_ROOT_CLASS = YES_ERROR;
				CLANG_WARN_RANGE_LOOP_ANALYSIS = YES;
				CLANG_WARN_STRICT_PROTOTYPES = YES;
				CLANG_WARN_SUSPICIOUS_MOVE = YES;
				CLANG_WARN_UNGUARDED_AVAILABILITY = YES_AGGRESSIVE;
				CLANG_WARN_UNREACHABLE_CODE = YES;
				CLANG_WARN__DUPLICATE_METHOD_MATCH = YES;
				COPY_PHASE_STRIP = NO;
				DEBUG_INFORMATION_FORMAT = "dwarf-with-dsym";
				ENABLE_NS_ASSERTIONS = NO;
				ENABLE_STRICT_OBJC_MSGSEND = YES;
				GCC_C_LANGUAGE_STANDARD = gnu11;
				GCC_NO_COMMON_BLOCKS = YES;
				GCC_WARN_64_TO_32_BIT_CONVERSION = YES;
				GCC_WARN_ABOUT_RETURN_TYPE = YES_ERROR;
				GCC_WARN_UNDECLARED_SELECTOR = YES;
				GCC_WARN_UNINITIALIZED_AUTOS = YES_AGGRESSIVE;
				GCC_WARN_UNUSED_FUNCTION = YES;
				GCC_WARN_UNUSED_VARIABLE = YES;
				IPHONEOS_DEPLOYMENT_TARGET = 13.2;
				MTL_ENABLE_DEBUG_INFO = NO;
				MTL_FAST_MATH = YES;
				SDKROOT = iphoneos;
				SWIFT_COMPILATION_MODE = wholemodule;
				SWIFT_OPTIMIZATION_LEVEL = "-O";
				VALIDATE_PRODUCT = YES;
			};
			name = Release;
		};
		1AB27E57247BF8770097968E /* Debug */ = {
			isa = XCBuildConfiguration;
			buildSettings = {
				ASSETCATALOG_COMPILER_APPICON_NAME = AppIcon;
				CODE_SIGN_STYLE = Automatic;
				DEVELOPMENT_TEAM = SLYDVJ9296;
				INFOPLIST_FILE = "music-search-app-mvp-arch/Info.plist";
				LD_RUNPATH_SEARCH_PATHS = (
					"$(inherited)",
					"@executable_path/Frameworks",
				);
				PRODUCT_BUNDLE_IDENTIFIER = "com.sergey-apps.music-search-app-mvp-arch";
				PRODUCT_NAME = "$(TARGET_NAME)";
				SWIFT_VERSION = 5.0;
				TARGETED_DEVICE_FAMILY = "1,2";
			};
			name = Debug;
		};
		1AB27E58247BF8770097968E /* Release */ = {
			isa = XCBuildConfiguration;
			buildSettings = {
				ASSETCATALOG_COMPILER_APPICON_NAME = AppIcon;
				CODE_SIGN_STYLE = Automatic;
				DEVELOPMENT_TEAM = SLYDVJ9296;
				INFOPLIST_FILE = "music-search-app-mvp-arch/Info.plist";
				LD_RUNPATH_SEARCH_PATHS = (
					"$(inherited)",
					"@executable_path/Frameworks",
				);
				PRODUCT_BUNDLE_IDENTIFIER = "com.sergey-apps.music-search-app-mvp-arch";
				PRODUCT_NAME = "$(TARGET_NAME)";
				SWIFT_VERSION = 5.0;
				TARGETED_DEVICE_FAMILY = "1,2";
			};
			name = Release;
		};
		1AB27E5A247BF8770097968E /* Debug */ = {
			isa = XCBuildConfiguration;
			buildSettings = {
				ALWAYS_EMBED_SWIFT_STANDARD_LIBRARIES = YES;
				BUNDLE_LOADER = "$(TEST_HOST)";
				CODE_SIGN_STYLE = Automatic;
				DEVELOPMENT_TEAM = SLYDVJ9296;
				INFOPLIST_FILE = "music-search-app-mvp-archTests/Info.plist";
				IPHONEOS_DEPLOYMENT_TARGET = 13.2;
				LD_RUNPATH_SEARCH_PATHS = (
					"$(inherited)",
					"@executable_path/Frameworks",
					"@loader_path/Frameworks",
				);
				PRODUCT_BUNDLE_IDENTIFIER = "com.sergey-apps.music-search-app-mvp-archTests";
				PRODUCT_NAME = "$(TARGET_NAME)";
				SWIFT_VERSION = 5.0;
				TARGETED_DEVICE_FAMILY = "1,2";
				TEST_HOST = "$(BUILT_PRODUCTS_DIR)/music-search-app-mvp-arch.app/music-search-app-mvp-arch";
			};
			name = Debug;
		};
		1AB27E5B247BF8770097968E /* Release */ = {
			isa = XCBuildConfiguration;
			buildSettings = {
				ALWAYS_EMBED_SWIFT_STANDARD_LIBRARIES = YES;
				BUNDLE_LOADER = "$(TEST_HOST)";
				CODE_SIGN_STYLE = Automatic;
				DEVELOPMENT_TEAM = SLYDVJ9296;
				INFOPLIST_FILE = "music-search-app-mvp-archTests/Info.plist";
				IPHONEOS_DEPLOYMENT_TARGET = 13.2;
				LD_RUNPATH_SEARCH_PATHS = (
					"$(inherited)",
					"@executable_path/Frameworks",
					"@loader_path/Frameworks",
				);
				PRODUCT_BUNDLE_IDENTIFIER = "com.sergey-apps.music-search-app-mvp-archTests";
				PRODUCT_NAME = "$(TARGET_NAME)";
				SWIFT_VERSION = 5.0;
				TARGETED_DEVICE_FAMILY = "1,2";
				TEST_HOST = "$(BUILT_PRODUCTS_DIR)/music-search-app-mvp-arch.app/music-search-app-mvp-arch";
			};
			name = Release;
		};
/* End XCBuildConfiguration section */

/* Begin XCConfigurationList section */
		1AB27E2F247BF8750097968E /* Build configuration list for PBXProject "music-search-app-mvp-arch" */ = {
			isa = XCConfigurationList;
			buildConfigurations = (
				1AB27E54247BF8770097968E /* Debug */,
				1AB27E55247BF8770097968E /* Release */,
			);
			defaultConfigurationIsVisible = 0;
			defaultConfigurationName = Release;
		};
		1AB27E56247BF8770097968E /* Build configuration list for PBXNativeTarget "music-search-app-mvp-arch" */ = {
			isa = XCConfigurationList;
			buildConfigurations = (
				1AB27E57247BF8770097968E /* Debug */,
				1AB27E58247BF8770097968E /* Release */,
			);
			defaultConfigurationIsVisible = 0;
			defaultConfigurationName = Release;
		};
		1AB27E59247BF8770097968E /* Build configuration list for PBXNativeTarget "music-search-app-mvp-archTests" */ = {
			isa = XCConfigurationList;
			buildConfigurations = (
				1AB27E5A247BF8770097968E /* Debug */,
				1AB27E5B247BF8770097968E /* Release */,
			);
			defaultConfigurationIsVisible = 0;
			defaultConfigurationName = Release;
		};
/* End XCConfigurationList section */

/* Begin XCVersionGroup section */
		1AB27E40247BF8750097968E /* music_search_app_mvp_arch.xcdatamodeld */ = {
			isa = XCVersionGroup;
			children = (
				1AB27E41247BF8750097968E /* music_search_app_mvp_arch.xcdatamodel */,
			);
			currentVersion = 1AB27E41247BF8750097968E /* music_search_app_mvp_arch.xcdatamodel */;
			path = music_search_app_mvp_arch.xcdatamodeld;
			sourceTree = "<group>";
			versionGroupType = wrapper.xcdatamodel;
		};
/* End XCVersionGroup section */
	};
	rootObject = 1AB27E2C247BF8750097968E /* Project object */;
}
